
Microsoft Visual Studio Solution File, Format Version 12.00
# Visual Studio Version 16
VisualStudioVersion = 25.0.1704.0
MinimumVisualStudioVersion = 10.0.40219.1
Project("{FAE04EC0-301F-11D3-BF4B-00C04F79EFBC}") = "Severino", "Severino\Severino.csproj", "{05D35553-FD85-4315-863D-C6B40BB02FB5}"
EndProject
Project("{FAE04EC0-301F-11D3-BF4B-00C04F79EFBC}") = "UnitTests", "UnitTests\UnitTests.csproj", "{6393142F-E505-4B7B-8CAA-9F91292A31DB}"
EndProject
Global
	GlobalSection(SolutionConfigurationPlatforms) = preSolution
		Debug|Any CPU = Debug|Any CPU
		Release|Any CPU = Release|Any CPU
	EndGlobalSection
	GlobalSection(ProjectConfigurationPlatforms) = postSolution
		{05D35553-FD85-4315-863D-C6B40BB02FB5}.Debug|Any CPU.ActiveCfg = Debug|Any CPU
		{05D35553-FD85-4315-863D-C6B40BB02FB5}.Debug|Any CPU.Build.0 = Debug|Any CPU
		{05D35553-FD85-4315-863D-C6B40BB02FB5}.Release|Any CPU.ActiveCfg = Release|Any CPU
		{05D35553-FD85-4315-863D-C6B40BB02FB5}.Release|Any CPU.Build.0 = Release|Any CPU
		{6393142F-E505-4B7B-8CAA-9F91292A31DB}.Debug|Any CPU.ActiveCfg = Debug|Any CPU
		{6393142F-E505-4B7B-8CAA-9F91292A31DB}.Debug|Any CPU.Build.0 = Debug|Any CPU
		{6393142F-E505-4B7B-8CAA-9F91292A31DB}.Release|Any CPU.ActiveCfg = Release|Any CPU
		{6393142F-E505-4B7B-8CAA-9F91292A31DB}.Release|Any CPU.Build.0 = Release|Any CPU
	EndGlobalSection
	GlobalSection(SolutionProperties) = preSolution
		HideSolutionNode = FALSE
	EndGlobalSection
	GlobalSection(ExtensibilityGlobals) = postSolution
		SolutionGuid = {87C0FB53-8913-4430-AB73-08BCBE41A18F}
	EndGlobalSection
EndGlobal
